// !$*UTF8*$!
{
	archiveVersion = 1;
	classes = {
	};
	objectVersion = 50;
	objects = {

/* Begin PBXBuildFile section */
		13BA21DD217278F900064C03 /* AppDelegate.swift in Sources */ = {isa = PBXBuildFile; fileRef = 13BA21DC217278F900064C03 /* AppDelegate.swift */; };
		13BA21DF217278F900064C03 /* ViewController.swift in Sources */ = {isa = PBXBuildFile; fileRef = 13BA21DE217278F900064C03 /* ViewController.swift */; };
		13BA21E2217278F900064C03 /* Main.storyboard in Resources */ = {isa = PBXBuildFile; fileRef = 13BA21E0217278F900064C03 /* Main.storyboard */; };
		13BA21E4217278FA00064C03 /* Assets.xcassets in Resources */ = {isa = PBXBuildFile; fileRef = 13BA21E3217278FA00064C03 /* Assets.xcassets */; };
		13BA21E7217278FA00064C03 /* LaunchScreen.storyboard in Resources */ = {isa = PBXBuildFile; fileRef = 13BA21E5217278FA00064C03 /* LaunchScreen.storyboard */; };
		13BA21F2217278FA00064C03 /* hindsightTests.swift in Sources */ = {isa = PBXBuildFile; fileRef = 13BA21F1217278FA00064C03 /* hindsightTests.swift */; };
		13BA21FD217278FA00064C03 /* hindsightUITests.swift in Sources */ = {isa = PBXBuildFile; fileRef = 13BA21FC217278FA00064C03 /* hindsightUITests.swift */; };
		31C57E99A00175A3B372DD7C /* Pods_hindsightUITests.framework in Frameworks */ = {isa = PBXBuildFile; fileRef = 5DDD3D2AAEC624CB701A0669 /* Pods_hindsightUITests.framework */; };
		5CB12AEB16B76563E3A812C9 /* Pods_hindsight.framework in Frameworks */ = {isa = PBXBuildFile; fileRef = 37E01241D54980B14F3FE94E /* Pods_hindsight.framework */; };
		8ABF35211C032DEBAB01E7ED /* Pods_hindsightTests.framework in Frameworks */ = {isa = PBXBuildFile; fileRef = 32BC16CBEFF0429C4BF490C5 /* Pods_hindsightTests.framework */; };
/* End PBXBuildFile section */

/* Begin PBXContainerItemProxy section */
		13BA21EE217278FA00064C03 /* PBXContainerItemProxy */ = {
			isa = PBXContainerItemProxy;
			containerPortal = 13BA21D1217278F900064C03 /* Project object */;
			proxyType = 1;
			remoteGlobalIDString = 13BA21D8217278F900064C03;
			remoteInfo = hindsight;
		};
		13BA21F9217278FA00064C03 /* PBXContainerItemProxy */ = {
			isa = PBXContainerItemProxy;
			containerPortal = 13BA21D1217278F900064C03 /* Project object */;
			proxyType = 1;
			remoteGlobalIDString = 13BA21D8217278F900064C03;
			remoteInfo = hindsight;
		};
/* End PBXContainerItemProxy section */

/* Begin PBXFileReference section */
		13BA21D9217278F900064C03 /* hindsight.app */ = {isa = PBXFileReference; explicitFileType = wrapper.application; includeInIndex = 0; path = hindsight.app; sourceTree = BUILT_PRODUCTS_DIR; };
		13BA21DC217278F900064C03 /* AppDelegate.swift */ = {isa = PBXFileReference; lastKnownFileType = sourcecode.swift; path = AppDelegate.swift; sourceTree = "<group>"; };
		13BA21DE217278F900064C03 /* ViewController.swift */ = {isa = PBXFileReference; lastKnownFileType = sourcecode.swift; path = ViewController.swift; sourceTree = "<group>"; };
		13BA21E1217278F900064C03 /* Base */ = {isa = PBXFileReference; lastKnownFileType = file.storyboard; name = Base; path = Base.lproj/Main.storyboard; sourceTree = "<group>"; };
		13BA21E3217278FA00064C03 /* Assets.xcassets */ = {isa = PBXFileReference; lastKnownFileType = folder.assetcatalog; path = Assets.xcassets; sourceTree = "<group>"; };
		13BA21E6217278FA00064C03 /* Base */ = {isa = PBXFileReference; lastKnownFileType = file.storyboard; name = Base; path = Base.lproj/LaunchScreen.storyboard; sourceTree = "<group>"; };
		13BA21E8217278FA00064C03 /* Info.plist */ = {isa = PBXFileReference; lastKnownFileType = text.plist.xml; path = Info.plist; sourceTree = "<group>"; };
		13BA21ED217278FA00064C03 /* hindsightTests.xctest */ = {isa = PBXFileReference; explicitFileType = wrapper.cfbundle; includeInIndex = 0; path = hindsightTests.xctest; sourceTree = BUILT_PRODUCTS_DIR; };
		13BA21F1217278FA00064C03 /* hindsightTests.swift */ = {isa = PBXFileReference; lastKnownFileType = sourcecode.swift; path = hindsightTests.swift; sourceTree = "<group>"; };
		13BA21F3217278FA00064C03 /* Info.plist */ = {isa = PBXFileReference; lastKnownFileType = text.plist.xml; path = Info.plist; sourceTree = "<group>"; };
		13BA21F8217278FA00064C03 /* hindsightUITests.xctest */ = {isa = PBXFileReference; explicitFileType = wrapper.cfbundle; includeInIndex = 0; path = hindsightUITests.xctest; sourceTree = BUILT_PRODUCTS_DIR; };
		13BA21FC217278FA00064C03 /* hindsightUITests.swift */ = {isa = PBXFileReference; lastKnownFileType = sourcecode.swift; path = hindsightUITests.swift; sourceTree = "<group>"; };
		13BA21FE217278FA00064C03 /* Info.plist */ = {isa = PBXFileReference; lastKnownFileType = text.plist.xml; path = Info.plist; sourceTree = "<group>"; };
		1CB596FB775697F296B35640 /* Pods-hindsightTests.debug.xcconfig */ = {isa = PBXFileReference; includeInIndex = 1; lastKnownFileType = text.xcconfig; name = "Pods-hindsightTests.debug.xcconfig"; path = "Pods/Target Support Files/Pods-hindsightTests/Pods-hindsightTests.debug.xcconfig"; sourceTree = "<group>"; };
		2AE488AF60AE98AA15BC1CEE /* Pods-hindsightUITests.release.xcconfig */ = {isa = PBXFileReference; includeInIndex = 1; lastKnownFileType = text.xcconfig; name = "Pods-hindsightUITests.release.xcconfig"; path = "Pods/Target Support Files/Pods-hindsightUITests/Pods-hindsightUITests.release.xcconfig"; sourceTree = "<group>"; };
		3042937AEA2A5574288544A0 /* Pods-hindsight.release.xcconfig */ = {isa = PBXFileReference; includeInIndex = 1; lastKnownFileType = text.xcconfig; name = "Pods-hindsight.release.xcconfig"; path = "Pods/Target Support Files/Pods-hindsight/Pods-hindsight.release.xcconfig"; sourceTree = "<group>"; };
		32BC16CBEFF0429C4BF490C5 /* Pods_hindsightTests.framework */ = {isa = PBXFileReference; explicitFileType = wrapper.framework; includeInIndex = 0; path = Pods_hindsightTests.framework; sourceTree = BUILT_PRODUCTS_DIR; };
		37E01241D54980B14F3FE94E /* Pods_hindsight.framework */ = {isa = PBXFileReference; explicitFileType = wrapper.framework; includeInIndex = 0; path = Pods_hindsight.framework; sourceTree = BUILT_PRODUCTS_DIR; };
		5DDD3D2AAEC624CB701A0669 /* Pods_hindsightUITests.framework */ = {isa = PBXFileReference; explicitFileType = wrapper.framework; includeInIndex = 0; path = Pods_hindsightUITests.framework; sourceTree = BUILT_PRODUCTS_DIR; };
		6DEEE5EA3C2482228B4B1D74 /* Pods-hindsightUITests.debug.xcconfig */ = {isa = PBXFileReference; includeInIndex = 1; lastKnownFileType = text.xcconfig; name = "Pods-hindsightUITests.debug.xcconfig"; path = "Pods/Target Support Files/Pods-hindsightUITests/Pods-hindsightUITests.debug.xcconfig"; sourceTree = "<group>"; };
		AE13EC9378DD555A1B42CDE0 /* Pods-hindsightTests.release.xcconfig */ = {isa = PBXFileReference; includeInIndex = 1; lastKnownFileType = text.xcconfig; name = "Pods-hindsightTests.release.xcconfig"; path = "Pods/Target Support Files/Pods-hindsightTests/Pods-hindsightTests.release.xcconfig"; sourceTree = "<group>"; };
		BE5B13C42B0A7FE003C7078C /* Pods-hindsight.debug.xcconfig */ = {isa = PBXFileReference; includeInIndex = 1; lastKnownFileType = text.xcconfig; name = "Pods-hindsight.debug.xcconfig"; path = "Pods/Target Support Files/Pods-hindsight/Pods-hindsight.debug.xcconfig"; sourceTree = "<group>"; };
/* End PBXFileReference section */

/* Begin PBXFrameworksBuildPhase section */
		13BA21D6217278F900064C03 /* Frameworks */ = {
			isa = PBXFrameworksBuildPhase;
			buildActionMask = 2147483647;
			files = (
				5CB12AEB16B76563E3A812C9 /* Pods_hindsight.framework in Frameworks */,
			);
			runOnlyForDeploymentPostprocessing = 0;
		};
		13BA21EA217278FA00064C03 /* Frameworks */ = {
			isa = PBXFrameworksBuildPhase;
			buildActionMask = 2147483647;
			files = (
				8ABF35211C032DEBAB01E7ED /* Pods_hindsightTests.framework in Frameworks */,
			);
			runOnlyForDeploymentPostprocessing = 0;
		};
		13BA21F5217278FA00064C03 /* Frameworks */ = {
			isa = PBXFrameworksBuildPhase;
			buildActionMask = 2147483647;
			files = (
				31C57E99A00175A3B372DD7C /* Pods_hindsightUITests.framework in Frameworks */,
			);
			runOnlyForDeploymentPostprocessing = 0;
		};
/* End PBXFrameworksBuildPhase section */

/* Begin PBXGroup section */
		13BA21D0217278F900064C03 = {
			isa = PBXGroup;
			children = (
				13BA21DB217278F900064C03 /* hindsight */,
				13BA21F0217278FA00064C03 /* hindsightTests */,
				13BA21FB217278FA00064C03 /* hindsightUITests */,
				13BA21DA217278F900064C03 /* Products */,
				FCC1655AB939B79E401A0A8C /* Pods */,
				9B690D92507FFFE533A2FC70 /* Frameworks */,
			);
			sourceTree = "<group>";
		};
		13BA21DA217278F900064C03 /* Products */ = {
			isa = PBXGroup;
			children = (
				13BA21D9217278F900064C03 /* hindsight.app */,
				13BA21ED217278FA00064C03 /* hindsightTests.xctest */,
				13BA21F8217278FA00064C03 /* hindsightUITests.xctest */,
			);
			name = Products;
			sourceTree = "<group>";
		};
		13BA21DB217278F900064C03 /* hindsight */ = {
			isa = PBXGroup;
			children = (
				13BA21DC217278F900064C03 /* AppDelegate.swift */,
				13BA21DE217278F900064C03 /* ViewController.swift */,
				13BA21E0217278F900064C03 /* Main.storyboard */,
				13BA21E3217278FA00064C03 /* Assets.xcassets */,
				13BA21E5217278FA00064C03 /* LaunchScreen.storyboard */,
				13BA21E8217278FA00064C03 /* Info.plist */,
			);
			path = hindsight;
			sourceTree = "<group>";
		};
		13BA21F0217278FA00064C03 /* hindsightTests */ = {
			isa = PBXGroup;
			children = (
				13BA21F1217278FA00064C03 /* hindsightTests.swift */,
				13BA21F3217278FA00064C03 /* Info.plist */,
			);
			path = hindsightTests;
			sourceTree = "<group>";
		};
		13BA21FB217278FA00064C03 /* hindsightUITests */ = {
			isa = PBXGroup;
			children = (
				13BA21FC217278FA00064C03 /* hindsightUITests.swift */,
				13BA21FE217278FA00064C03 /* Info.plist */,
			);
			path = hindsightUITests;
			sourceTree = "<group>";
		};
		9B690D92507FFFE533A2FC70 /* Frameworks */ = {
			isa = PBXGroup;
			children = (
				37E01241D54980B14F3FE94E /* Pods_hindsight.framework */,
				32BC16CBEFF0429C4BF490C5 /* Pods_hindsightTests.framework */,
				5DDD3D2AAEC624CB701A0669 /* Pods_hindsightUITests.framework */,
			);
			name = Frameworks;
			sourceTree = "<group>";
		};
		FCC1655AB939B79E401A0A8C /* Pods */ = {
			isa = PBXGroup;
			children = (
				BE5B13C42B0A7FE003C7078C /* Pods-hindsight.debug.xcconfig */,
				3042937AEA2A5574288544A0 /* Pods-hindsight.release.xcconfig */,
				1CB596FB775697F296B35640 /* Pods-hindsightTests.debug.xcconfig */,
				AE13EC9378DD555A1B42CDE0 /* Pods-hindsightTests.release.xcconfig */,
				6DEEE5EA3C2482228B4B1D74 /* Pods-hindsightUITests.debug.xcconfig */,
				2AE488AF60AE98AA15BC1CEE /* Pods-hindsightUITests.release.xcconfig */,
			);
			name = Pods;
			sourceTree = "<group>";
		};
/* End PBXGroup section */

/* Begin PBXNativeTarget section */
		13BA21D8217278F900064C03 /* hindsight */ = {
			isa = PBXNativeTarget;
			buildConfigurationList = 13BA2201217278FA00064C03 /* Build configuration list for PBXNativeTarget "hindsight" */;
			buildPhases = (
				60DEFDB15EE5A47A55B0B8D7 /* [CP] Check Pods Manifest.lock */,
				13BA21D5217278F900064C03 /* Sources */,
				13BA21D6217278F900064C03 /* Frameworks */,
				13BA21D7217278F900064C03 /* Resources */,
				4E569BBF83F22285FE6620A1 /* [CP] Embed Pods Frameworks */,
			);
			buildRules = (
			);
			dependencies = (
			);
			name = hindsight;
			productName = hindsight;
			productReference = 13BA21D9217278F900064C03 /* hindsight.app */;
			productType = "com.apple.product-type.application";
		};
		13BA21EC217278FA00064C03 /* hindsightTests */ = {
			isa = PBXNativeTarget;
			buildConfigurationList = 13BA2204217278FA00064C03 /* Build configuration list for PBXNativeTarget "hindsightTests" */;
			buildPhases = (
				3E4878C1B7C3862FDA314B16 /* [CP] Check Pods Manifest.lock */,
				13BA21E9217278FA00064C03 /* Sources */,
				13BA21EA217278FA00064C03 /* Frameworks */,
				13BA21EB217278FA00064C03 /* Resources */,
				9888C7BD4CFB1D2C1AC147D8 /* [CP] Embed Pods Frameworks */,
			);
			buildRules = (
			);
			dependencies = (
				13BA21EF217278FA00064C03 /* PBXTargetDependency */,
			);
			name = hindsightTests;
			productName = hindsightTests;
			productReference = 13BA21ED217278FA00064C03 /* hindsightTests.xctest */;
			productType = "com.apple.product-type.bundle.unit-test";
		};
		13BA21F7217278FA00064C03 /* hindsightUITests */ = {
			isa = PBXNativeTarget;
			buildConfigurationList = 13BA2207217278FA00064C03 /* Build configuration list for PBXNativeTarget "hindsightUITests" */;
			buildPhases = (
				CE83DA5C2E10AAE8ACDA2C74 /* [CP] Check Pods Manifest.lock */,
				13BA21F4217278FA00064C03 /* Sources */,
				13BA21F5217278FA00064C03 /* Frameworks */,
				13BA21F6217278FA00064C03 /* Resources */,
			);
			buildRules = (
			);
			dependencies = (
				13BA21FA217278FA00064C03 /* PBXTargetDependency */,
			);
			name = hindsightUITests;
			productName = hindsightUITests;
			productReference = 13BA21F8217278FA00064C03 /* hindsightUITests.xctest */;
			productType = "com.apple.product-type.bundle.ui-testing";
		};
/* End PBXNativeTarget section */

/* Begin PBXProject section */
		13BA21D1217278F900064C03 /* Project object */ = {
			isa = PBXProject;
			attributes = {
				LastSwiftUpdateCheck = 1000;
				LastUpgradeCheck = 1000;
				ORGANIZATIONNAME = "hindsight-inc";
				TargetAttributes = {
					13BA21D8217278F900064C03 = {
						CreatedOnToolsVersion = 10.0;
					};
					13BA21EC217278FA00064C03 = {
						CreatedOnToolsVersion = 10.0;
						TestTargetID = 13BA21D8217278F900064C03;
					};
					13BA21F7217278FA00064C03 = {
						CreatedOnToolsVersion = 10.0;
						TestTargetID = 13BA21D8217278F900064C03;
					};
				};
			};
			buildConfigurationList = 13BA21D4217278F900064C03 /* Build configuration list for PBXProject "hindsight" */;
			compatibilityVersion = "Xcode 9.3";
			developmentRegion = en;
			hasScannedForEncodings = 0;
			knownRegions = (
				en,
				Base,
			);
			mainGroup = 13BA21D0217278F900064C03;
			productRefGroup = 13BA21DA217278F900064C03 /* Products */;
			projectDirPath = "";
			projectRoot = "";
			targets = (
				13BA21D8217278F900064C03 /* hindsight */,
				13BA21EC217278FA00064C03 /* hindsightTests */,
				13BA21F7217278FA00064C03 /* hindsightUITests */,
			);
		};
/* End PBXProject section */

/* Begin PBXResourcesBuildPhase section */
		13BA21D7217278F900064C03 /* Resources */ = {
			isa = PBXResourcesBuildPhase;
			buildActionMask = 2147483647;
			files = (
				13BA21E7217278FA00064C03 /* LaunchScreen.storyboard in Resources */,
				13BA21E4217278FA00064C03 /* Assets.xcassets in Resources */,
				13BA21E2217278F900064C03 /* Main.storyboard in Resources */,
			);
			runOnlyForDeploymentPostprocessing = 0;
		};
		13BA21EB217278FA00064C03 /* Resources */ = {
			isa = PBXResourcesBuildPhase;
			buildActionMask = 2147483647;
			files = (
			);
			runOnlyForDeploymentPostprocessing = 0;
		};
		13BA21F6217278FA00064C03 /* Resources */ = {
			isa = PBXResourcesBuildPhase;
			buildActionMask = 2147483647;
			files = (
			);
			runOnlyForDeploymentPostprocessing = 0;
		};
/* End PBXResourcesBuildPhase section */

/* Begin PBXShellScriptBuildPhase section */
		3E4878C1B7C3862FDA314B16 /* [CP] Check Pods Manifest.lock */ = {
			isa = PBXShellScriptBuildPhase;
			buildActionMask = 2147483647;
			files = (
			);
			inputFileListPaths = (
			);
			inputPaths = (
				"${PODS_PODFILE_DIR_PATH}/Podfile.lock",
				"${PODS_ROOT}/Manifest.lock",
			);
			name = "[CP] Check Pods Manifest.lock";
			outputFileListPaths = (
			);
			outputPaths = (
				"$(DERIVED_FILE_DIR)/Pods-hindsightTests-checkManifestLockResult.txt",
			);
			runOnlyForDeploymentPostprocessing = 0;
			shellPath = /bin/sh;
			shellScript = "diff \"${PODS_PODFILE_DIR_PATH}/Podfile.lock\" \"${PODS_ROOT}/Manifest.lock\" > /dev/null\nif [ $? != 0 ] ; then\n    # print error to STDERR\n    echo \"error: The sandbox is not in sync with the Podfile.lock. Run 'pod install' or update your CocoaPods installation.\" >&2\n    exit 1\nfi\n# This output is used by Xcode 'outputs' to avoid re-running this script phase.\necho \"SUCCESS\" > \"${SCRIPT_OUTPUT_FILE_0}\"\n";
			showEnvVarsInLog = 0;
		};
		4E569BBF83F22285FE6620A1 /* [CP] Embed Pods Frameworks */ = {
			isa = PBXShellScriptBuildPhase;
			buildActionMask = 2147483647;
			files = (
			);
			inputFileListPaths = (
			);
			inputPaths = (
				"${SRCROOT}/Pods/Target Support Files/Pods-hindsight/Pods-hindsight-frameworks.sh",
				"${BUILT_PRODUCTS_DIR}/Alamofire/Alamofire.framework",
				"${BUILT_PRODUCTS_DIR}/Moya/Moya.framework",
				"${BUILT_PRODUCTS_DIR}/Result/Result.framework",
				"${BUILT_PRODUCTS_DIR}/RxCocoa/RxCocoa.framework",
				"${BUILT_PRODUCTS_DIR}/RxSwift/RxSwift.framework",
				"${BUILT_PRODUCTS_DIR}/SnapKit/SnapKit.framework",
				"${BUILT_PRODUCTS_DIR}/Swinject/Swinject.framework",
			);
			name = "[CP] Embed Pods Frameworks";
			outputFileListPaths = (
			);
			outputPaths = (
				"${TARGET_BUILD_DIR}/${FRAMEWORKS_FOLDER_PATH}/Alamofire.framework",
				"${TARGET_BUILD_DIR}/${FRAMEWORKS_FOLDER_PATH}/Moya.framework",
				"${TARGET_BUILD_DIR}/${FRAMEWORKS_FOLDER_PATH}/Result.framework",
				"${TARGET_BUILD_DIR}/${FRAMEWORKS_FOLDER_PATH}/RxCocoa.framework",
				"${TARGET_BUILD_DIR}/${FRAMEWORKS_FOLDER_PATH}/RxSwift.framework",
				"${TARGET_BUILD_DIR}/${FRAMEWORKS_FOLDER_PATH}/SnapKit.framework",
				"${TARGET_BUILD_DIR}/${FRAMEWORKS_FOLDER_PATH}/Swinject.framework",
			);
			runOnlyForDeploymentPostprocessing = 0;
			shellPath = /bin/sh;
			shellScript = "\"${SRCROOT}/Pods/Target Support Files/Pods-hindsight/Pods-hindsight-frameworks.sh\"\n";
			showEnvVarsInLog = 0;
		};
		60DEFDB15EE5A47A55B0B8D7 /* [CP] Check Pods Manifest.lock */ = {
			isa = PBXShellScriptBuildPhase;
			buildActionMask = 2147483647;
			files = (
			);
			inputFileListPaths = (
			);
			inputPaths = (
				"${PODS_PODFILE_DIR_PATH}/Podfile.lock",
				"${PODS_ROOT}/Manifest.lock",
			);
			name = "[CP] Check Pods Manifest.lock";
			outputFileListPaths = (
			);
			outputPaths = (
				"$(DERIVED_FILE_DIR)/Pods-hindsight-checkManifestLockResult.txt",
			);
			runOnlyForDeploymentPostprocessing = 0;
			shellPath = /bin/sh;
			shellScript = "diff \"${PODS_PODFILE_DIR_PATH}/Podfile.lock\" \"${PODS_ROOT}/Manifest.lock\" > /dev/null\nif [ $? != 0 ] ; then\n    # print error to STDERR\n    echo \"error: The sandbox is not in sync with the Podfile.lock. Run 'pod install' or update your CocoaPods installation.\" >&2\n    exit 1\nfi\n# This output is used by Xcode 'outputs' to avoid re-running this script phase.\necho \"SUCCESS\" > \"${SCRIPT_OUTPUT_FILE_0}\"\n";
			showEnvVarsInLog = 0;
		};
		9888C7BD4CFB1D2C1AC147D8 /* [CP] Embed Pods Frameworks */ = {
			isa = PBXShellScriptBuildPhase;
			buildActionMask = 2147483647;
			files = (
			);
			inputFileListPaths = (
			);
			inputPaths = (
				"${SRCROOT}/Pods/Target Support Files/Pods-hindsightTests/Pods-hindsightTests-frameworks.sh",
				"${BUILT_PRODUCTS_DIR}/RxSwift/RxSwift.framework",
				"${BUILT_PRODUCTS_DIR}/Cuckoo/Cuckoo.framework",
				"${BUILT_PRODUCTS_DIR}/RxBlocking/RxBlocking.framework",
				"${BUILT_PRODUCTS_DIR}/RxTest/RxTest.framework",
			);
			name = "[CP] Embed Pods Frameworks";
			outputFileListPaths = (
			);
			outputPaths = (
				"${TARGET_BUILD_DIR}/${FRAMEWORKS_FOLDER_PATH}/RxSwift.framework",
				"${TARGET_BUILD_DIR}/${FRAMEWORKS_FOLDER_PATH}/Cuckoo.framework",
				"${TARGET_BUILD_DIR}/${FRAMEWORKS_FOLDER_PATH}/RxBlocking.framework",
				"${TARGET_BUILD_DIR}/${FRAMEWORKS_FOLDER_PATH}/RxTest.framework",
			);
			runOnlyForDeploymentPostprocessing = 0;
			shellPath = /bin/sh;
			shellScript = "\"${SRCROOT}/Pods/Target Support Files/Pods-hindsightTests/Pods-hindsightTests-frameworks.sh\"\n";
			showEnvVarsInLog = 0;
		};
		CE83DA5C2E10AAE8ACDA2C74 /* [CP] Check Pods Manifest.lock */ = {
			isa = PBXShellScriptBuildPhase;
			buildActionMask = 2147483647;
			files = (
			);
			inputFileListPaths = (
			);
			inputPaths = (
				"${PODS_PODFILE_DIR_PATH}/Podfile.lock",
				"${PODS_ROOT}/Manifest.lock",
			);
			name = "[CP] Check Pods Manifest.lock";
			outputFileListPaths = (
			);
			outputPaths = (
				"$(DERIVED_FILE_DIR)/Pods-hindsightUITests-checkManifestLockResult.txt",
			);
			runOnlyForDeploymentPostprocessing = 0;
			shellPath = /bin/sh;
			shellScript = "diff \"${PODS_PODFILE_DIR_PATH}/Podfile.lock\" \"${PODS_ROOT}/Manifest.lock\" > /dev/null\nif [ $? != 0 ] ; then\n    # print error to STDERR\n    echo \"error: The sandbox is not in sync with the Podfile.lock. Run 'pod install' or update your CocoaPods installation.\" >&2\n    exit 1\nfi\n# This output is used by Xcode 'outputs' to avoid re-running this script phase.\necho \"SUCCESS\" > \"${SCRIPT_OUTPUT_FILE_0}\"\n";
			showEnvVarsInLog = 0;
		};
/* End PBXShellScriptBuildPhase section */

/* Begin PBXSourcesBuildPhase section */
		13BA21D5217278F900064C03 /* Sources */ = {
			isa = PBXSourcesBuildPhase;
			buildActionMask = 2147483647;
			files = (
				13BA21DF217278F900064C03 /* ViewController.swift in Sources */,
				13BA21DD217278F900064C03 /* AppDelegate.swift in Sources */,
			);
			runOnlyForDeploymentPostprocessing = 0;
		};
		13BA21E9217278FA00064C03 /* Sources */ = {
			isa = PBXSourcesBuildPhase;
			buildActionMask = 2147483647;
			files = (
				13BA21F2217278FA00064C03 /* hindsightTests.swift in Sources */,
			);
			runOnlyForDeploymentPostprocessing = 0;
		};
		13BA21F4217278FA00064C03 /* Sources */ = {
			isa = PBXSourcesBuildPhase;
			buildActionMask = 2147483647;
			files = (
				13BA21FD217278FA00064C03 /* hindsightUITests.swift in Sources */,
			);
			runOnlyForDeploymentPostprocessing = 0;
		};
/* End PBXSourcesBuildPhase section */

/* Begin PBXTargetDependency section */
		13BA21EF217278FA00064C03 /* PBXTargetDependency */ = {
			isa = PBXTargetDependency;
			target = 13BA21D8217278F900064C03 /* hindsight */;
			targetProxy = 13BA21EE217278FA00064C03 /* PBXContainerItemProxy */;
		};
		13BA21FA217278FA00064C03 /* PBXTargetDependency */ = {
			isa = PBXTargetDependency;
			target = 13BA21D8217278F900064C03 /* hindsight */;
			targetProxy = 13BA21F9217278FA00064C03 /* PBXContainerItemProxy */;
		};
/* End PBXTargetDependency section */

/* Begin PBXVariantGroup section */
		13BA21E0217278F900064C03 /* Main.storyboard */ = {
			isa = PBXVariantGroup;
			children = (
				13BA21E1217278F900064C03 /* Base */,
			);
			name = Main.storyboard;
			sourceTree = "<group>";
		};
		13BA21E5217278FA00064C03 /* LaunchScreen.storyboard */ = {
			isa = PBXVariantGroup;
			children = (
				13BA21E6217278FA00064C03 /* Base */,
			);
			name = LaunchScreen.storyboard;
			sourceTree = "<group>";
		};
/* End PBXVariantGroup section */

/* Begin XCBuildConfiguration section */
		13BA21FF217278FA00064C03 /* Debug */ = {
			isa = XCBuildConfiguration;
			buildSettings = {
				ALWAYS_SEARCH_USER_PATHS = NO;
				CLANG_ANALYZER_NONNULL = YES;
				CLANG_ANALYZER_NUMBER_OBJECT_CONVERSION = YES_AGGRESSIVE;
				CLANG_CXX_LANGUAGE_STANDARD = "gnu++14";
				CLANG_CXX_LIBRARY = "libc++";
				CLANG_ENABLE_MODULES = YES;
				CLANG_ENABLE_OBJC_ARC = YES;
				CLANG_ENABLE_OBJC_WEAK = YES;
				CLANG_WARN_BLOCK_CAPTURE_AUTORELEASING = YES;
				CLANG_WARN_BOOL_CONVERSION = YES;
				CLANG_WARN_COMMA = YES;
				CLANG_WARN_CONSTANT_CONVERSION = YES;
				CLANG_WARN_DEPRECATED_OBJC_IMPLEMENTATIONS = YES;
				CLANG_WARN_DIRECT_OBJC_ISA_USAGE = YES_ERROR;
				CLANG_WARN_DOCUMENTATION_COMMENTS = YES;
				CLANG_WARN_EMPTY_BODY = YES;
				CLANG_WARN_ENUM_CONVERSION = YES;
				CLANG_WARN_INFINITE_RECURSION = YES;
				CLANG_WARN_INT_CONVERSION = YES;
				CLANG_WARN_NON_LITERAL_NULL_CONVERSION = YES;
				CLANG_WARN_OBJC_IMPLICIT_RETAIN_SELF = YES;
				CLANG_WARN_OBJC_LITERAL_CONVERSION = YES;
				CLANG_WARN_OBJC_ROOT_CLASS = YES_ERROR;
				CLANG_WARN_RANGE_LOOP_ANALYSIS = YES;
				CLANG_WARN_STRICT_PROTOTYPES = YES;
				CLANG_WARN_SUSPICIOUS_MOVE = YES;
				CLANG_WARN_UNGUARDED_AVAILABILITY = YES_AGGRESSIVE;
				CLANG_WARN_UNREACHABLE_CODE = YES;
				CLANG_WARN__DUPLICATE_METHOD_MATCH = YES;
				CODE_SIGN_IDENTITY = "iPhone Developer";
				COPY_PHASE_STRIP = NO;
				DEBUG_INFORMATION_FORMAT = dwarf;
				ENABLE_STRICT_OBJC_MSGSEND = YES;
				ENABLE_TESTABILITY = YES;
				GCC_C_LANGUAGE_STANDARD = gnu11;
				GCC_DYNAMIC_NO_PIC = NO;
				GCC_NO_COMMON_BLOCKS = YES;
				GCC_OPTIMIZATION_LEVEL = 0;
				GCC_PREPROCESSOR_DEFINITIONS = (
					"DEBUG=1",
					"$(inherited)",
				);
				GCC_WARN_64_TO_32_BIT_CONVERSION = YES;
				GCC_WARN_ABOUT_RETURN_TYPE = YES_ERROR;
				GCC_WARN_UNDECLARED_SELECTOR = YES;
				GCC_WARN_UNINITIALIZED_AUTOS = YES_AGGRESSIVE;
				GCC_WARN_UNUSED_FUNCTION = YES;
				GCC_WARN_UNUSED_VARIABLE = YES;
				IPHONEOS_DEPLOYMENT_TARGET = 12.0;
				MTL_ENABLE_DEBUG_INFO = INCLUDE_SOURCE;
				MTL_FAST_MATH = YES;
				ONLY_ACTIVE_ARCH = YES;
				SDKROOT = iphoneos;
				SWIFT_ACTIVE_COMPILATION_CONDITIONS = DEBUG;
				SWIFT_OPTIMIZATION_LEVEL = "-Onone";
			};
			name = Debug;
		};
		13BA2200217278FA00064C03 /* Release */ = {
			isa = XCBuildConfiguration;
			buildSettings = {
				ALWAYS_SEARCH_USER_PATHS = NO;
				CLANG_ANALYZER_NONNULL = YES;
				CLANG_ANALYZER_NUMBER_OBJECT_CONVERSION = YES_AGGRESSIVE;
				CLANG_CXX_LANGUAGE_STANDARD = "gnu++14";
				CLANG_CXX_LIBRARY = "libc++";
				CLANG_ENABLE_MODULES = YES;
				CLANG_ENABLE_OBJC_ARC = YES;
				CLANG_ENABLE_OBJC_WEAK = YES;
				CLANG_WARN_BLOCK_CAPTURE_AUTORELEASING = YES;
				CLANG_WARN_BOOL_CONVERSION = YES;
				CLANG_WARN_COMMA = YES;
				CLANG_WARN_CONSTANT_CONVERSION = YES;
				CLANG_WARN_DEPRECATED_OBJC_IMPLEMENTATIONS = YES;
				CLANG_WARN_DIRECT_OBJC_ISA_USAGE = YES_ERROR;
				CLANG_WARN_DOCUMENTATION_COMMENTS = YES;
				CLANG_WARN_EMPTY_BODY = YES;
				CLANG_WARN_ENUM_CONVERSION = YES;
				CLANG_WARN_INFINITE_RECURSION = YES;
				CLANG_WARN_INT_CONVERSION = YES;
				CLANG_WARN_NON_LITERAL_NULL_CONVERSION = YES;
				CLANG_WARN_OBJC_IMPLICIT_RETAIN_SELF = YES;
				CLANG_WARN_OBJC_LITERAL_CONVERSION = YES;
				CLANG_WARN_OBJC_ROOT_CLASS = YES_ERROR;
				CLANG_WARN_RANGE_LOOP_ANALYSIS = YES;
				CLANG_WARN_STRICT_PROTOTYPES = YES;
				CLANG_WARN_SUSPICIOUS_MOVE = YES;
				CLANG_WARN_UNGUARDED_AVAILABILITY = YES_AGGRESSIVE;
				CLANG_WARN_UNREACHABLE_CODE = YES;
				CLANG_WARN__DUPLICATE_METHOD_MATCH = YES;
				CODE_SIGN_IDENTITY = "iPhone Developer";
				COPY_PHASE_STRIP = NO;
				DEBUG_INFORMATION_FORMAT = "dwarf-with-dsym";
				ENABLE_NS_ASSERTIONS = NO;
				ENABLE_STRICT_OBJC_MSGSEND = YES;
				GCC_C_LANGUAGE_STANDARD = gnu11;
				GCC_NO_COMMON_BLOCKS = YES;
				GCC_WARN_64_TO_32_BIT_CONVERSION = YES;
				GCC_WARN_ABOUT_RETURN_TYPE = YES_ERROR;
				GCC_WARN_UNDECLARED_SELECTOR = YES;
				GCC_WARN_UNINITIALIZED_AUTOS = YES_AGGRESSIVE;
				GCC_WARN_UNUSED_FUNCTION = YES;
				GCC_WARN_UNUSED_VARIABLE = YES;
				IPHONEOS_DEPLOYMENT_TARGET = 12.0;
				MTL_ENABLE_DEBUG_INFO = NO;
				MTL_FAST_MATH = YES;
				SDKROOT = iphoneos;
				SWIFT_COMPILATION_MODE = wholemodule;
				SWIFT_OPTIMIZATION_LEVEL = "-O";
				VALIDATE_PRODUCT = YES;
			};
			name = Release;
		};
		13BA2202217278FA00064C03 /* Debug */ = {
			isa = XCBuildConfiguration;
			baseConfigurationReference = BE5B13C42B0A7FE003C7078C /* Pods-hindsight.debug.xcconfig */;
			buildSettings = {
				ASSETCATALOG_COMPILER_APPICON_NAME = AppIcon;
				CODE_SIGN_STYLE = Automatic;
				DEVELOPMENT_TEAM = VUWTCL5W5U;
				INFOPLIST_FILE = hindsight/Info.plist;
				LD_RUNPATH_SEARCH_PATHS = (
					"$(inherited)",
					"@executable_path/Frameworks",
				);
				PRODUCT_BUNDLE_IDENTIFIER = com.manish.hindsight;
				PRODUCT_NAME = "$(TARGET_NAME)";
				SWIFT_VERSION = 4.2;
				TARGETED_DEVICE_FAMILY = "1,2";
			};
			name = Debug;
		};
		13BA2203217278FA00064C03 /* Release */ = {
			isa = XCBuildConfiguration;
			baseConfigurationReference = 3042937AEA2A5574288544A0 /* Pods-hindsight.release.xcconfig */;
			buildSettings = {
				ASSETCATALOG_COMPILER_APPICON_NAME = AppIcon;
				CODE_SIGN_STYLE = Automatic;
				DEVELOPMENT_TEAM = VUWTCL5W5U;
				INFOPLIST_FILE = hindsight/Info.plist;
				LD_RUNPATH_SEARCH_PATHS = (
					"$(inherited)",
					"@executable_path/Frameworks",
				);
				PRODUCT_BUNDLE_IDENTIFIER = com.manish.hindsight;
				PRODUCT_NAME = "$(TARGET_NAME)";
				SWIFT_VERSION = 4.2;
				TARGETED_DEVICE_FAMILY = "1,2";
			};
			name = Release;
		};
		13BA2205217278FA00064C03 /* Debug */ = {
			isa = XCBuildConfiguration;
			baseConfigurationReference = 1CB596FB775697F296B35640 /* Pods-hindsightTests.debug.xcconfig */;
			buildSettings = {
				ALWAYS_EMBED_SWIFT_STANDARD_LIBRARIES = YES;
				BUNDLE_LOADER = "$(TEST_HOST)";
				CODE_SIGN_STYLE = Automatic;
				DEVELOPMENT_TEAM = VUWTCL5W5U;
				INFOPLIST_FILE = hindsightTests/Info.plist;
				LD_RUNPATH_SEARCH_PATHS = (
					"$(inherited)",
					"@executable_path/Frameworks",
					"@loader_path/Frameworks",
				);
				PRODUCT_BUNDLE_IDENTIFIER = com.manish.hindsightTests;
				PRODUCT_NAME = "$(TARGET_NAME)";
				SWIFT_VERSION = 4.2;
				TARGETED_DEVICE_FAMILY = "1,2";
				TEST_HOST = "$(BUILT_PRODUCTS_DIR)/hindsight.app/hindsight";
			};
			name = Debug;
		};
		13BA2206217278FA00064C03 /* Release */ = {
			isa = XCBuildConfiguration;
			baseConfigurationReference = AE13EC9378DD555A1B42CDE0 /* Pods-hindsightTests.release.xcconfig */;
			buildSettings = {
				ALWAYS_EMBED_SWIFT_STANDARD_LIBRARIES = YES;
				BUNDLE_LOADER = "$(TEST_HOST)";
				CODE_SIGN_STYLE = Automatic;
				DEVELOPMENT_TEAM = VUWTCL5W5U;
				INFOPLIST_FILE = hindsightTests/Info.plist;
				LD_RUNPATH_SEARCH_PATHS = (
					"$(inherited)",
					"@executable_path/Frameworks",
					"@loader_path/Frameworks",
				);
				PRODUCT_BUNDLE_IDENTIFIER = com.manish.hindsightTests;
				PRODUCT_NAME = "$(TARGET_NAME)";
				SWIFT_VERSION = 4.2;
				TARGETED_DEVICE_FAMILY = "1,2";
				TEST_HOST = "$(BUILT_PRODUCTS_DIR)/hindsight.app/hindsight";
			};
			name = Release;
		};
		13BA2208217278FA00064C03 /* Debug */ = {
			isa = XCBuildConfiguration;
			baseConfigurationReference = 6DEEE5EA3C2482228B4B1D74 /* Pods-hindsightUITests.debug.xcconfig */;
			buildSettings = {
				ALWAYS_EMBED_SWIFT_STANDARD_LIBRARIES = YES;
				CODE_SIGN_STYLE = Automatic;
				DEVELOPMENT_TEAM = VUWTCL5W5U;
				INFOPLIST_FILE = hindsightUITests/Info.plist;
				LD_RUNPATH_SEARCH_PATHS = (
					"$(inherited)",
					"@executable_path/Frameworks",
					"@loader_path/Frameworks",
				);
				PRODUCT_BUNDLE_IDENTIFIER = com.manish.hindsightUITests;
				PRODUCT_NAME = "$(TARGET_NAME)";
				SWIFT_VERSION = 4.2;
				TARGETED_DEVICE_FAMILY = "1,2";
				TEST_TARGET_NAME = hindsight;
			};
			name = Debug;
		};
		13BA2209217278FA00064C03 /* Release */ = {
			isa = XCBuildConfiguration;
			baseConfigurationReference = 2AE488AF60AE98AA15BC1CEE /* Pods-hindsightUITests.release.xcconfig */;
			buildSettings = {
				ALWAYS_EMBED_SWIFT_STANDARD_LIBRARIES = YES;
				CODE_SIGN_STYLE = Automatic;
				DEVELOPMENT_TEAM = VUWTCL5W5U;
				INFOPLIST_FILE = hindsightUITests/Info.plist;
				LD_RUNPATH_SEARCH_PATHS = (
					"$(inherited)",
					"@executable_path/Frameworks",
					"@loader_path/Frameworks",
				);
				PRODUCT_BUNDLE_IDENTIFIER = com.manish.hindsightUITests;
				PRODUCT_NAME = "$(TARGET_NAME)";
				SWIFT_VERSION = 4.2;
				TARGETED_DEVICE_FAMILY = "1,2";
				TEST_TARGET_NAME = hindsight;
			};
			name = Release;
		};
/* End XCBuildConfiguration section */

/* Begin XCConfigurationList section */
		13BA21D4217278F900064C03 /* Build configuration list for PBXProject "hindsight" */ = {
			isa = XCConfigurationList;
			buildConfigurations = (
				13BA21FF217278FA00064C03 /* Debug */,
				13BA2200217278FA00064C03 /* Release */,
			);
			defaultConfigurationIsVisible = 0;
			defaultConfigurationName = Release;
		};
		13BA2201217278FA00064C03 /* Build configuration list for PBXNativeTarget "hindsight" */ = {
			isa = XCConfigurationList;
			buildConfigurations = (
				13BA2202217278FA00064C03 /* Debug */,
				13BA2203217278FA00064C03 /* Release */,
			);
			defaultConfigurationIsVisible = 0;
			defaultConfigurationName = Release;
		};
		13BA2204217278FA00064C03 /* Build configuration list for PBXNativeTarget "hindsightTests" */ = {
			isa = XCConfigurationList;
			buildConfigurations = (
				13BA2205217278FA00064C03 /* Debug */,
				13BA2206217278FA00064C03 /* Release */,
			);
			defaultConfigurationIsVisible = 0;
			defaultConfigurationName = Release;
		};
		13BA2207217278FA00064C03 /* Build configuration list for PBXNativeTarget "hindsightUITests" */ = {
			isa = XCConfigurationList;
			buildConfigurations = (
				13BA2208217278FA00064C03 /* Debug */,
				13BA2209217278FA00064C03 /* Release */,
			);
			defaultConfigurationIsVisible = 0;
			defaultConfigurationName = Release;
		};
/* End XCConfigurationList section */
	};
	rootObject = 13BA21D1217278F900064C03 /* Project object */;
}
